// !$*UTF8*$!
{
	archiveVersion = 1;
	classes = {
	};
	objectVersion = 50;
	objects = {

/* Begin PBXBuildFile section */
		B3C3512521DEB56F009AC5A3 /* AppDelegate.swift in Sources */ = {isa = PBXBuildFile; fileRef = B3C3512421DEB56F009AC5A3 /* AppDelegate.swift */; };
		B3C3512721DEB56F009AC5A3 /* ViewController.swift in Sources */ = {isa = PBXBuildFile; fileRef = B3C3512621DEB56F009AC5A3 /* ViewController.swift */; };
		B3C3512A21DEB56F009AC5A3 /* Main.storyboard in Resources */ = {isa = PBXBuildFile; fileRef = B3C3512821DEB56F009AC5A3 /* Main.storyboard */; };
		B3C3512C21DEB570009AC5A3 /* Assets.xcassets in Resources */ = {isa = PBXBuildFile; fileRef = B3C3512B21DEB570009AC5A3 /* Assets.xcassets */; };
		B3C3512F21DEB570009AC5A3 /* LaunchScreen.storyboard in Resources */ = {isa = PBXBuildFile; fileRef = B3C3512D21DEB570009AC5A3 /* LaunchScreen.storyboard */; };
		FB75278842703A99CF169FEC /* Pods_RxCollectionViewTester.framework in Frameworks */ = {isa = PBXBuildFile; fileRef = 972E1ADCA05CCA7395450042 /* Pods_RxCollectionViewTester.framework */; };
/* End PBXBuildFile section */

/* Begin PBXFileReference section */
		972E1ADCA05CCA7395450042 /* Pods_RxCollectionViewTester.framework */ = {isa = PBXFileReference; explicitFileType = wrapper.framework; includeInIndex = 0; path = Pods_RxCollectionViewTester.framework; sourceTree = BUILT_PRODUCTS_DIR; };
		9782C688C2D76C1E1D0AB269 /* Pods-RxCollectionViewTester.debug.xcconfig */ = {isa = PBXFileReference; includeInIndex = 1; lastKnownFileType = text.xcconfig; name = "Pods-RxCollectionViewTester.debug.xcconfig"; path = "Pods/Target Support Files/Pods-RxCollectionViewTester/Pods-RxCollectionViewTester.debug.xcconfig"; sourceTree = "<group>"; };
		B3C3512121DEB56F009AC5A3 /* RxCollectionViewTester.app */ = {isa = PBXFileReference; explicitFileType = wrapper.application; includeInIndex = 0; path = RxCollectionViewTester.app; sourceTree = BUILT_PRODUCTS_DIR; };
		B3C3512421DEB56F009AC5A3 /* AppDelegate.swift */ = {isa = PBXFileReference; lastKnownFileType = sourcecode.swift; path = AppDelegate.swift; sourceTree = "<group>"; };
		B3C3512621DEB56F009AC5A3 /* ViewController.swift */ = {isa = PBXFileReference; lastKnownFileType = sourcecode.swift; path = ViewController.swift; sourceTree = "<group>"; };
		B3C3512921DEB56F009AC5A3 /* Base */ = {isa = PBXFileReference; lastKnownFileType = file.storyboard; name = Base; path = Base.lproj/Main.storyboard; sourceTree = "<group>"; };
		B3C3512B21DEB570009AC5A3 /* Assets.xcassets */ = {isa = PBXFileReference; lastKnownFileType = folder.assetcatalog; path = Assets.xcassets; sourceTree = "<group>"; };
		B3C3512E21DEB570009AC5A3 /* Base */ = {isa = PBXFileReference; lastKnownFileType = file.storyboard; name = Base; path = Base.lproj/LaunchScreen.storyboard; sourceTree = "<group>"; };
		B3C3513021DEB570009AC5A3 /* Info.plist */ = {isa = PBXFileReference; lastKnownFileType = text.plist.xml; path = Info.plist; sourceTree = "<group>"; };
		BD1F1004A765E558CDDBF0D9 /* Pods-RxCollectionViewTester.release.xcconfig */ = {isa = PBXFileReference; includeInIndex = 1; lastKnownFileType = text.xcconfig; name = "Pods-RxCollectionViewTester.release.xcconfig"; path = "Pods/Target Support Files/Pods-RxCollectionViewTester/Pods-RxCollectionViewTester.release.xcconfig"; sourceTree = "<group>"; };
/* End PBXFileReference section */

/* Begin PBXFrameworksBuildPhase section */
		B3C3511E21DEB56F009AC5A3 /* Frameworks */ = {
			isa = PBXFrameworksBuildPhase;
			buildActionMask = 2147483647;
			files = (
				FB75278842703A99CF169FEC /* Pods_RxCollectionViewTester.framework in Frameworks */,
			);
			runOnlyForDeploymentPostprocessing = 0;
		};
/* End PBXFrameworksBuildPhase section */

/* Begin PBXGroup section */
		51F5A318553F90D2F6C2CBC5 /* Frameworks */ = {
			isa = PBXGroup;
			children = (
				972E1ADCA05CCA7395450042 /* Pods_RxCollectionViewTester.framework */,
			);
			name = Frameworks;
			sourceTree = "<group>";
		};
		B3C3511821DEB56F009AC5A3 = {
			isa = PBXGroup;
			children = (
				B3C3512321DEB56F009AC5A3 /* RxCollectionViewTester */,
				B3C3512221DEB56F009AC5A3 /* Products */,
				C67608376292353EB8CEDA96 /* Pods */,
				51F5A318553F90D2F6C2CBC5 /* Frameworks */,
			);
			sourceTree = "<group>";
		};
		B3C3512221DEB56F009AC5A3 /* Products */ = {
			isa = PBXGroup;
			children = (
				B3C3512121DEB56F009AC5A3 /* RxCollectionViewTester.app */,
			);
			name = Products;
			sourceTree = "<group>";
		};
		B3C3512321DEB56F009AC5A3 /* RxCollectionViewTester */ = {
			isa = PBXGroup;
			children = (
				B3C3512421DEB56F009AC5A3 /* AppDelegate.swift */,
				B3C3512621DEB56F009AC5A3 /* ViewController.swift */,
				B3C3512821DEB56F009AC5A3 /* Main.storyboard */,
				B3C3512B21DEB570009AC5A3 /* Assets.xcassets */,
				B3C3512D21DEB570009AC5A3 /* LaunchScreen.storyboard */,
				B3C3513021DEB570009AC5A3 /* Info.plist */,
			);
			path = RxCollectionViewTester;
			sourceTree = "<group>";
		};
		C67608376292353EB8CEDA96 /* Pods */ = {
			isa = PBXGroup;
			children = (
				9782C688C2D76C1E1D0AB269 /* Pods-RxCollectionViewTester.debug.xcconfig */,
				BD1F1004A765E558CDDBF0D9 /* Pods-RxCollectionViewTester.release.xcconfig */,
			);
			name = Pods;
			sourceTree = "<group>";
		};
/* End PBXGroup section */

/* Begin PBXNativeTarget section */
		B3C3512021DEB56F009AC5A3 /* RxCollectionViewTester */ = {
			isa = PBXNativeTarget;
			buildConfigurationList = B3C3513321DEB570009AC5A3 /* Build configuration list for PBXNativeTarget "RxCollectionViewTester" */;
			buildPhases = (
				51C105A6E38EA12767EE2A9D /* [CP] Check Pods Manifest.lock */,
				B3C3511D21DEB56F009AC5A3 /* Sources */,
				B3C3511E21DEB56F009AC5A3 /* Frameworks */,
				B3C3511F21DEB56F009AC5A3 /* Resources */,
				5EAF51F23143A1B6133F429B /* [CP] Embed Pods Frameworks */,
			);
			buildRules = (
			);
			dependencies = (
			);
			name = RxCollectionViewTester;
			productName = RxCollectionViewTester;
			productReference = B3C3512121DEB56F009AC5A3 /* RxCollectionViewTester.app */;
			productType = "com.apple.product-type.application";
		};
/* End PBXNativeTarget section */

/* Begin PBXProject section */
		B3C3511921DEB56F009AC5A3 /* Project object */ = {
			isa = PBXProject;
			attributes = {
				LastSwiftUpdateCheck = 1010;
				LastUpgradeCheck = 1010;
				ORGANIZATIONNAME = brownie;
				TargetAttributes = {
					B3C3512021DEB56F009AC5A3 = {
						CreatedOnToolsVersion = 10.1;
					};
				};
			};
			buildConfigurationList = B3C3511C21DEB56F009AC5A3 /* Build configuration list for PBXProject "RxCollectionViewTester" */;
			compatibilityVersion = "Xcode 9.3";
			developmentRegion = en;
			hasScannedForEncodings = 0;
			knownRegions = (
				en,
				Base,
			);
			mainGroup = B3C3511821DEB56F009AC5A3;
			productRefGroup = B3C3512221DEB56F009AC5A3 /* Products */;
			projectDirPath = "";
			projectRoot = "";
			targets = (
				B3C3512021DEB56F009AC5A3 /* RxCollectionViewTester */,
			);
		};
/* End PBXProject section */

/* Begin PBXResourcesBuildPhase section */
		B3C3511F21DEB56F009AC5A3 /* Resources */ = {
			isa = PBXResourcesBuildPhase;
			buildActionMask = 2147483647;
			files = (
				B3C3512F21DEB570009AC5A3 /* LaunchScreen.storyboard in Resources */,
				B3C3512C21DEB570009AC5A3 /* Assets.xcassets in Resources */,
				B3C3512A21DEB56F009AC5A3 /* Main.storyboard in Resources */,
			);
			runOnlyForDeploymentPostprocessing = 0;
		};
/* End PBXResourcesBuildPhase section */

/* Begin PBXShellScriptBuildPhase section */
		51C105A6E38EA12767EE2A9D /* [CP] Check Pods Manifest.lock */ = {
			isa = PBXShellScriptBuildPhase;
			buildActionMask = 2147483647;
			files = (
			);
			inputFileListPaths = (
			);
			inputPaths = (
				"${PODS_PODFILE_DIR_PATH}/Podfile.lock",
				"${PODS_ROOT}/Manifest.lock",
			);
			name = "[CP] Check Pods Manifest.lock";
			outputFileListPaths = (
			);
			outputPaths = (
				"$(DERIVED_FILE_DIR)/Pods-RxCollectionViewTester-checkManifestLockResult.txt",
			);
			runOnlyForDeploymentPostprocessing = 0;
			shellPath = /bin/sh;
			shellScript = "diff \"${PODS_PODFILE_DIR_PATH}/Podfile.lock\" \"${PODS_ROOT}/Manifest.lock\" > /dev/null\nif [ $? != 0 ] ; then\n    # print error to STDERR\n    echo \"error: The sandbox is not in sync with the Podfile.lock. Run 'pod install' or update your CocoaPods installation.\" >&2\n    exit 1\nfi\n# This output is used by Xcode 'outputs' to avoid re-running this script phase.\necho \"SUCCESS\" > \"${SCRIPT_OUTPUT_FILE_0}\"\n";
			showEnvVarsInLog = 0;
		};
		5EAF51F23143A1B6133F429B /* [CP] Embed Pods Frameworks */ = {
			isa = PBXShellScriptBuildPhase;
			buildActionMask = 2147483647;
			files = (
			);
			inputFileListPaths = (
			);
			inputPaths = (
				"${SRCROOT}/Pods/Target Support Files/Pods-RxCollectionViewTester/Pods-RxCollectionViewTester-frameworks.sh",
				"${BUILT_PRODUCTS_DIR}/Differentiator/Differentiator.framework",
				"${BUILT_PRODUCTS_DIR}/RxAtomic/RxAtomic.framework",
				"${BUILT_PRODUCTS_DIR}/RxCocoa/RxCocoa.framework",
				"${BUILT_PRODUCTS_DIR}/RxDataSources/RxDataSources.framework",
				"${BUILT_PRODUCTS_DIR}/RxSwift/RxSwift.framework",
				"${BUILT_PRODUCTS_DIR}/SnapKit/SnapKit.framework",
			);
			name = "[CP] Embed Pods Frameworks";
			outputFileListPaths = (
			);
			outputPaths = (
				"${TARGET_BUILD_DIR}/${FRAMEWORKS_FOLDER_PATH}/Differentiator.framework",
				"${TARGET_BUILD_DIR}/${FRAMEWORKS_FOLDER_PATH}/RxAtomic.framework",
				"${TARGET_BUILD_DIR}/${FRAMEWORKS_FOLDER_PATH}/RxCocoa.framework",
				"${TARGET_BUILD_DIR}/${FRAMEWORKS_FOLDER_PATH}/RxDataSources.framework",
				"${TARGET_BUILD_DIR}/${FRAMEWORKS_FOLDER_PATH}/RxSwift.framework",
				"${TARGET_BUILD_DIR}/${FRAMEWORKS_FOLDER_PATH}/SnapKit.framework",
			);
			runOnlyForDeploymentPostprocessing = 0;
			shellPath = /bin/sh;
			shellScript = "\"${SRCROOT}/Pods/Target Support Files/Pods-RxCollectionViewTester/Pods-RxCollectionViewTester-frameworks.sh\"\n";
			showEnvVarsInLog = 0;
		};
/* End PBXShellScriptBuildPhase section */

/* Begin PBXSourcesBuildPhase section */
		B3C3511D21DEB56F009AC5A3 /* Sources */ = {
			isa = PBXSourcesBuildPhase;
			buildActionMask = 2147483647;
			files = (
				B3C3512721DEB56F009AC5A3 /* ViewController.swift in Sources */,
				B3C3512521DEB56F009AC5A3 /* AppDelegate.swift in Sources */,
			);
			runOnlyForDeploymentPostprocessing = 0;
		};
/* End PBXSourcesBuildPhase section */

/* Begin PBXVariantGroup section */
		B3C3512821DEB56F009AC5A3 /* Main.storyboard */ = {
			isa = PBXVariantGroup;
			children = (
				B3C3512921DEB56F009AC5A3 /* Base */,
			);
			name = Main.storyboard;
			sourceTree = "<group>";
		};
		B3C3512D21DEB570009AC5A3 /* LaunchScreen.storyboard */ = {
			isa = PBXVariantGroup;
			children = (
				B3C3512E21DEB570009AC5A3 /* Base */,
			);
			name = LaunchScreen.storyboard;
			sourceTree = "<group>";
		};
/* End PBXVariantGroup section */

/* Begin XCBuildConfiguration section */
		B3C3513121DEB570009AC5A3 /* Debug */ = {
			isa = XCBuildConfiguration;
			buildSettings = {
				ALWAYS_SEARCH_USER_PATHS = NO;
				CLANG_ANALYZER_NONNULL = YES;
				CLANG_ANALYZER_NUMBER_OBJECT_CONVERSION = YES_AGGRESSIVE;
				CLANG_CXX_LANGUAGE_STANDARD = "gnu++14";
				CLANG_CXX_LIBRARY = "libc++";
				CLANG_ENABLE_MODULES = YES;
				CLANG_ENABLE_OBJC_ARC = YES;
				CLANG_ENABLE_OBJC_WEAK = YES;
				CLANG_WARN_BLOCK_CAPTURE_AUTORELEASING = YES;
				CLANG_WARN_BOOL_CONVERSION = YES;
				CLANG_WARN_COMMA = YES;
				CLANG_WARN_CONSTANT_CONVERSION = YES;
				CLANG_WARN_DEPRECATED_OBJC_IMPLEMENTATIONS = YES;
				CLANG_WARN_DIRECT_OBJC_ISA_USAGE = YES_ERROR;
				CLANG_WARN_DOCUMENTATION_COMMENTS = YES;
				CLANG_WARN_EMPTY_BODY = YES;
				CLANG_WARN_ENUM_CONVERSION = YES;
				CLANG_WARN_INFINITE_RECURSION = YES;
				CLANG_WARN_INT_CONVERSION = YES;
				CLANG_WARN_NON_LITERAL_NULL_CONVERSION = YES;
				CLANG_WARN_OBJC_IMPLICIT_RETAIN_SELF = YES;
				CLANG_WARN_OBJC_LITERAL_CONVERSION = YES;
				CLANG_WARN_OBJC_ROOT_CLASS = YES_ERROR;
				CLANG_WARN_RANGE_LOOP_ANALYSIS = YES;
				CLANG_WARN_STRICT_PROTOTYPES = YES;
				CLANG_WARN_SUSPICIOUS_MOVE = YES;
				CLANG_WARN_UNGUARDED_AVAILABILITY = YES_AGGRESSIVE;
				CLANG_WARN_UNREACHABLE_CODE = YES;
				CLANG_WARN__DUPLICATE_METHOD_MATCH = YES;
				CODE_SIGN_IDENTITY = "iPhone Developer";
				COPY_PHASE_STRIP = NO;
				DEBUG_INFORMATION_FORMAT = dwarf;
				ENABLE_STRICT_OBJC_MSGSEND = YES;
				ENABLE_TESTABILITY = YES;
				GCC_C_LANGUAGE_STANDARD = gnu11;
				GCC_DYNAMIC_NO_PIC = NO;
				GCC_NO_COMMON_BLOCKS = YES;
				GCC_OPTIMIZATION_LEVEL = 0;
				GCC_PREPROCESSOR_DEFINITIONS = (
					"DEBUG=1",
					"$(inherited)",
				);
				GCC_WARN_64_TO_32_BIT_CONVERSION = YES;
				GCC_WARN_ABOUT_RETURN_TYPE = YES_ERROR;
				GCC_WARN_UNDECLARED_SELECTOR = YES;
				GCC_WARN_UNINITIALIZED_AUTOS = YES_AGGRESSIVE;
				GCC_WARN_UNUSED_FUNCTION = YES;
				GCC_WARN_UNUSED_VARIABLE = YES;
				IPHONEOS_DEPLOYMENT_TARGET = 12.1;
				MTL_ENABLE_DEBUG_INFO = INCLUDE_SOURCE;
				MTL_FAST_MATH = YES;
				ONLY_ACTIVE_ARCH = YES;
				SDKROOT = iphoneos;
				SWIFT_ACTIVE_COMPILATION_CONDITIONS = DEBUG;
				SWIFT_OPTIMIZATION_LEVEL = "-Onone";
			};
			name = Debug;
		};
		B3C3513221DEB570009AC5A3 /* Release */ = {
			isa = XCBuildConfiguration;
			buildSettings = {
				ALWAYS_SEARCH_USER_PATHS = NO;
				CLANG_ANALYZER_NONNULL = YES;
				CLANG_ANALYZER_NUMBER_OBJECT_CONVERSION = YES_AGGRESSIVE;
				CLANG_CXX_LANGUAGE_STANDARD = "gnu++14";
				CLANG_CXX_LIBRARY = "libc++";
				CLANG_ENABLE_MODULES = YES;
				CLANG_ENABLE_OBJC_ARC = YES;
				CLANG_ENABLE_OBJC_WEAK = YES;
				CLANG_WARN_BLOCK_CAPTURE_AUTORELEASING = YES;
				CLANG_WARN_BOOL_CONVERSION = YES;
				CLANG_WARN_COMMA = YES;
				CLANG_WARN_CONSTANT_CONVERSION = YES;
				CLANG_WARN_DEPRECATED_OBJC_IMPLEMENTATIONS = YES;
				CLANG_WARN_DIRECT_OBJC_ISA_USAGE = YES_ERROR;
				CLANG_WARN_DOCUMENTATION_COMMENTS = YES;
				CLANG_WARN_EMPTY_BODY = YES;
				CLANG_WARN_ENUM_CONVERSION = YES;
				CLANG_WARN_INFINITE_RECURSION = YES;
				CLANG_WARN_INT_CONVERSION = YES;
				CLANG_WARN_NON_LITERAL_NULL_CONVERSION = YES;
				CLANG_WARN_OBJC_IMPLICIT_RETAIN_SELF = YES;
				CLANG_WARN_OBJC_LITERAL_CONVERSION = YES;
				CLANG_WARN_OBJC_ROOT_CLASS = YES_ERROR;
				CLANG_WARN_RANGE_LOOP_ANALYSIS = YES;
				CLANG_WARN_STRICT_PROTOTYPES = YES;
				CLANG_WARN_SUSPICIOUS_MOVE = YES;
				CLANG_WARN_UNGUARDED_AVAILABILITY = YES_AGGRESSIVE;
				CLANG_WARN_UNREACHABLE_CODE = YES;
				CLANG_WARN__DUPLICATE_METHOD_MATCH = YES;
				CODE_SIGN_IDENTITY = "iPhone Developer";
				COPY_PHASE_STRIP = NO;
				DEBUG_INFORMATION_FORMAT = "dwarf-with-dsym";
				ENABLE_NS_ASSERTIONS = NO;
				ENABLE_STRICT_OBJC_MSGSEND = YES;
				GCC_C_LANGUAGE_STANDARD = gnu11;
				GCC_NO_COMMON_BLOCKS = YES;
				GCC_WARN_64_TO_32_BIT_CONVERSION = YES;
				GCC_WARN_ABOUT_RETURN_TYPE = YES_ERROR;
				GCC_WARN_UNDECLARED_SELECTOR = YES;
				GCC_WARN_UNINITIALIZED_AUTOS = YES_AGGRESSIVE;
				GCC_WARN_UNUSED_FUNCTION = YES;
				GCC_WARN_UNUSED_VARIABLE = YES;
				IPHONEOS_DEPLOYMENT_TARGET = 12.1;
				MTL_ENABLE_DEBUG_INFO = NO;
				MTL_FAST_MATH = YES;
				SDKROOT = iphoneos;
				SWIFT_COMPILATION_MODE = wholemodule;
				SWIFT_OPTIMIZATION_LEVEL = "-O";
				VALIDATE_PRODUCT = YES;
			};
			name = Release;
		};
		B3C3513421DEB570009AC5A3 /* Debug */ = {
			isa = XCBuildConfiguration;
			baseConfigurationReference = 9782C688C2D76C1E1D0AB269 /* Pods-RxCollectionViewTester.debug.xcconfig */;
			buildSettings = {
				ASSETCATALOG_COMPILER_APPICON_NAME = AppIcon;
				CODE_SIGN_STYLE = Automatic;
				INFOPLIST_FILE = RxCollectionViewTester/Info.plist;
				LD_RUNPATH_SEARCH_PATHS = (
					"$(inherited)",
					"@executable_path/Frameworks",
				);
				PRODUCT_BUNDLE_IDENTIFIER = ie.brown.RxCollectionViewTester;
				PRODUCT_NAME = "$(TARGET_NAME)";
				SWIFT_VERSION = 4.2;
				TARGETED_DEVICE_FAMILY = "1,2";
			};
			name = Debug;
		};
		B3C3513521DEB570009AC5A3 /* Release */ = {
			isa = XCBuildConfiguration;
			baseConfigurationReference = BD1F1004A765E558CDDBF0D9 /* Pods-RxCollectionViewTester.release.xcconfig */;
			buildSettings = {
				ASSETCATALOG_COMPILER_APPICON_NAME = AppIcon;
				CODE_SIGN_STYLE = Automatic;
				INFOPLIST_FILE = RxCollectionViewTester/Info.plist;
				LD_RUNPATH_SEARCH_PATHS = (
					"$(inherited)",
					"@executable_path/Frameworks",
				);
				PRODUCT_BUNDLE_IDENTIFIER = ie.brown.RxCollectionViewTester;
				PRODUCT_NAME = "$(TARGET_NAME)";
				SWIFT_VERSION = 4.2;
				TARGETED_DEVICE_FAMILY = "1,2";
			};
			name = Release;
		};
/* End XCBuildConfiguration section */

/* Begin XCConfigurationList section */
		B3C3511C21DEB56F009AC5A3 /* Build configuration list for PBXProject "RxCollectionViewTester" */ = {
			isa = XCConfigurationList;
			buildConfigurations = (
				B3C3513121DEB570009AC5A3 /* Debug */,
				B3C3513221DEB570009AC5A3 /* Release */,
			);
			defaultConfigurationIsVisible = 0;
			defaultConfigurationName = Release;
		};
		B3C3513321DEB570009AC5A3 /* Build configuration list for PBXNativeTarget "RxCollectionViewTester" */ = {
			isa = XCConfigurationList;
			buildConfigurations = (
				B3C3513421DEB570009AC5A3 /* Debug */,
				B3C3513521DEB570009AC5A3 /* Release */,
			);
			defaultConfigurationIsVisible = 0;
			defaultConfigurationName = Release;
		};
/* End XCConfigurationList section */
	};
	rootObject = B3C3511921DEB56F009AC5A3 /* Project object */;
}
